
Microsoft Visual Studio Solution File, Format Version 12.00
# Visual Studio Version 17
VisualStudioVersion = 17.5.33414.496
MinimumVisualStudioVersion = 10.0.40219.1
Project("{FAE04EC0-301F-11D3-BF4B-00C04F79EFBC}") = "WindowsFormsApp1", "WindowsFormsApp1\WindowsFormsApp1.csproj", "{B2B07FA0-3EEB-4453-9DF2-85A55391D80A}"
EndProject
Global
	GlobalSection(SolutionConfigurationPlatforms) = preSolution
		Debug|Any CPU = Debug|Any CPU
		Release|Any CPU = Release|Any CPU
	EndGlobalSection
	GlobalSection(ProjectConfigurationPlatforms) = postSolution
		{B2B07FA0-3EEB-4453-9DF2-85A55391D80A}.Debug|Any CPU.ActiveCfg = Debug|Any CPU
		{B2B07FA0-3EEB-4453-9DF2-85A55391D80A}.Debug|Any CPU.Build.0 = Debug|Any CPU
		{B2B07FA0-3EEB-4453-9DF2-85A55391D80A}.Release|Any CPU.ActiveCfg = Release|Any CPU
		{B2B07FA0-3EEB-4453-9DF2-85A55391D80A}.Release|Any CPU.Build.0 = Release|Any CPU
	EndGlobalSection
	GlobalSection(SolutionProperties) = preSolution
		HideSolutionNode = FALSE
	EndGlobalSection
	GlobalSection(ExtensibilityGlobals) = postSolution
		SolutionGuid = {516F0FEB-A5AE-42DD-9017-3E406EAD8833}
	EndGlobalSection
EndGlobal
